// !$*UTF8*$!
{
	archiveVersion = 1;
	classes = {
	};
	objectVersion = 56;
	objects = {

/* Begin PBXBuildFile section */
		FA6CC58C2BA2E417003D989D /* AppDelegate.swift in Sources */ = {isa = PBXBuildFile; fileRef = FA6CC58B2BA2E417003D989D /* AppDelegate.swift */; };
		FA6CC58E2BA2E417003D989D /* SceneDelegate.swift in Sources */ = {isa = PBXBuildFile; fileRef = FA6CC58D2BA2E417003D989D /* SceneDelegate.swift */; };
		FA6CC5952BA2E418003D989D /* Assets.xcassets in Resources */ = {isa = PBXBuildFile; fileRef = FA6CC5942BA2E418003D989D /* Assets.xcassets */; };
		FA6CC5982BA2E418003D989D /* LaunchScreen.storyboard in Resources */ = {isa = PBXBuildFile; fileRef = FA6CC5962BA2E418003D989D /* LaunchScreen.storyboard */; };
		FA6CC5EC2BA75879003D989D /* TabBarController.swift in Sources */ = {isa = PBXBuildFile; fileRef = FA6CC5EB2BA75879003D989D /* TabBarController.swift */; };
		FA6CC5EE2BA75A32003D989D /* TrackerViewController.swift in Sources */ = {isa = PBXBuildFile; fileRef = FA6CC5ED2BA75A32003D989D /* TrackerViewController.swift */; };
		FA6CC5F02BA75A4E003D989D /* StatisticsViewController.swift in Sources */ = {isa = PBXBuildFile; fileRef = FA6CC5EF2BA75A4E003D989D /* StatisticsViewController.swift */; };
		FA6CC5F32BA863C2003D989D /* Tracker.swift in Sources */ = {isa = PBXBuildFile; fileRef = FA6CC5F22BA863C2003D989D /* Tracker.swift */; };
		FA6CC5F52BA863D1003D989D /* TrackerCategory.swift in Sources */ = {isa = PBXBuildFile; fileRef = FA6CC5F42BA863D1003D989D /* TrackerCategory.swift */; };
		FA6CC5F72BA863DC003D989D /* TrackerRecord.swift in Sources */ = {isa = PBXBuildFile; fileRef = FA6CC5F62BA863DC003D989D /* TrackerRecord.swift */; };
		FA6CC5F92BA86463003D989D /* Weekday.swift in Sources */ = {isa = PBXBuildFile; fileRef = FA6CC5F82BA86463003D989D /* Weekday.swift */; };
		FA6CC5FB2BA86C61003D989D /* CollectionSettings.swift in Sources */ = {isa = PBXBuildFile; fileRef = FA6CC5FA2BA86C61003D989D /* CollectionSettings.swift */; };
		FA6CC5FD2BA86C7A003D989D /* MocksTracker.swift in Sources */ = {isa = PBXBuildFile; fileRef = FA6CC5FC2BA86C7A003D989D /* MocksTracker.swift */; };
		FA6CC5FF2BA86C8C003D989D /* SettingOptions.swift in Sources */ = {isa = PBXBuildFile; fileRef = FA6CC5FE2BA86C8C003D989D /* SettingOptions.swift */; };
		FA6CC6022BA86CFF003D989D /* Extension + Int.swift in Sources */ = {isa = PBXBuildFile; fileRef = FA6CC6012BA86CFF003D989D /* Extension + Int.swift */; };
		FA6CC6042BA86D1F003D989D /* Extension + Date.swift in Sources */ = {isa = PBXBuildFile; fileRef = FA6CC6032BA86D1F003D989D /* Extension + Date.swift */; };
		FA6CC6062BA86D36003D989D /* Extension + UIViewController.swift in Sources */ = {isa = PBXBuildFile; fileRef = FA6CC6052BA86D36003D989D /* Extension + UIViewController.swift */; };
		FA6CC60B2BA86E38003D989D /* TrackerCollectionViewCell.swift in Sources */ = {isa = PBXBuildFile; fileRef = FA6CC60A2BA86E38003D989D /* TrackerCollectionViewCell.swift */; };
		FA6CC60D2BA86EC6003D989D /* TrackerCollectionViewHeader.swift in Sources */ = {isa = PBXBuildFile; fileRef = FA6CC60C2BA86EC6003D989D /* TrackerCollectionViewHeader.swift */; };
		FA6CC60F2BA86EE2003D989D /* ProtocolTrackerCellDelegate.swift in Sources */ = {isa = PBXBuildFile; fileRef = FA6CC60E2BA86EE2003D989D /* ProtocolTrackerCellDelegate.swift */; };
		FA6CC6152BA86F68003D989D /* CreateTypeTrackerViewController.swift in Sources */ = {isa = PBXBuildFile; fileRef = FA6CC6142BA86F68003D989D /* CreateTypeTrackerViewController.swift */; };
		FA6CC6172BA86F8F003D989D /* ProtocolTrackerCreateViewControllerDelegate.swift in Sources */ = {isa = PBXBuildFile; fileRef = FA6CC6162BA86F8F003D989D /* ProtocolTrackerCreateViewControllerDelegate.swift */; };
		FA6CC6192BA86FB7003D989D /* ProtocolCreateTypeTrackerDelegate.swift in Sources */ = {isa = PBXBuildFile; fileRef = FA6CC6182BA86FB7003D989D /* ProtocolCreateTypeTrackerDelegate.swift */; };
		FA6CC61E2BA8702A003D989D /* NewEventViewController.swift in Sources */ = {isa = PBXBuildFile; fileRef = FA6CC61B2BA8702A003D989D /* NewEventViewController.swift */; };
		FA6CC61F2BA8702A003D989D /* NewHabitViewController.swift in Sources */ = {isa = PBXBuildFile; fileRef = FA6CC61C2BA8702A003D989D /* NewHabitViewController.swift */; };
		FA6CC6202BA8702A003D989D /* SettingsHabitOrEventCell.swift in Sources */ = {isa = PBXBuildFile; fileRef = FA6CC61D2BA8702A003D989D /* SettingsHabitOrEventCell.swift */; };
		FA6CC63E2BA870A8003D989D /* CategoryViewController.swift in Sources */ = {isa = PBXBuildFile; fileRef = FA6CC6222BA870A8003D989D /* CategoryViewController.swift */; };
		FA6CC6502BA870A8003D989D /* ScheduleViewController.swift in Sources */ = {isa = PBXBuildFile; fileRef = FA6CC63A2BA870A8003D989D /* ScheduleViewController.swift */; };
		FA6CC6512BA870A8003D989D /* ProtocolScheduleCellDelegate.swift in Sources */ = {isa = PBXBuildFile; fileRef = FA6CC63B2BA870A8003D989D /* ProtocolScheduleCellDelegate.swift */; };
		FA6CC6522BA870A8003D989D /* ProtocolScheduleViewControllerDelegate.swift in Sources */ = {isa = PBXBuildFile; fileRef = FA6CC63C2BA870A8003D989D /* ProtocolScheduleViewControllerDelegate.swift */; };
		FA6CC6532BA870A8003D989D /* SettingsScheduleCell.swift in Sources */ = {isa = PBXBuildFile; fileRef = FA6CC63D2BA870A8003D989D /* SettingsScheduleCell.swift */; };
		FA6CC6562BA8712A003D989D /* CreateNewCategoryViewController.swift in Sources */ = {isa = PBXBuildFile; fileRef = FA6CC6552BA8712A003D989D /* CreateNewCategoryViewController.swift */; };
/* End PBXBuildFile section */

/* Begin PBXFileReference section */
		FA6CC5882BA2E417003D989D /* Tracker.app */ = {isa = PBXFileReference; explicitFileType = wrapper.application; includeInIndex = 0; path = Tracker.app; sourceTree = BUILT_PRODUCTS_DIR; };
		FA6CC58B2BA2E417003D989D /* AppDelegate.swift */ = {isa = PBXFileReference; lastKnownFileType = sourcecode.swift; path = AppDelegate.swift; sourceTree = "<group>"; };
		FA6CC58D2BA2E417003D989D /* SceneDelegate.swift */ = {isa = PBXFileReference; lastKnownFileType = sourcecode.swift; path = SceneDelegate.swift; sourceTree = "<group>"; };
		FA6CC5942BA2E418003D989D /* Assets.xcassets */ = {isa = PBXFileReference; lastKnownFileType = folder.assetcatalog; path = Assets.xcassets; sourceTree = "<group>"; };
		FA6CC5972BA2E418003D989D /* Base */ = {isa = PBXFileReference; lastKnownFileType = file.storyboard; name = Base; path = Base.lproj/LaunchScreen.storyboard; sourceTree = "<group>"; };
		FA6CC5992BA2E418003D989D /* Info.plist */ = {isa = PBXFileReference; lastKnownFileType = text.plist.xml; path = Info.plist; sourceTree = "<group>"; };
		FA6CC5EB2BA75879003D989D /* TabBarController.swift */ = {isa = PBXFileReference; lastKnownFileType = sourcecode.swift; path = TabBarController.swift; sourceTree = "<group>"; };
		FA6CC5ED2BA75A32003D989D /* TrackerViewController.swift */ = {isa = PBXFileReference; lastKnownFileType = sourcecode.swift; path = TrackerViewController.swift; sourceTree = "<group>"; };
		FA6CC5EF2BA75A4E003D989D /* StatisticsViewController.swift */ = {isa = PBXFileReference; lastKnownFileType = sourcecode.swift; path = StatisticsViewController.swift; sourceTree = "<group>"; };
		FA6CC5F22BA863C2003D989D /* Tracker.swift */ = {isa = PBXFileReference; lastKnownFileType = sourcecode.swift; path = Tracker.swift; sourceTree = "<group>"; };
		FA6CC5F42BA863D1003D989D /* TrackerCategory.swift */ = {isa = PBXFileReference; lastKnownFileType = sourcecode.swift; path = TrackerCategory.swift; sourceTree = "<group>"; };
		FA6CC5F62BA863DC003D989D /* TrackerRecord.swift */ = {isa = PBXFileReference; lastKnownFileType = sourcecode.swift; path = TrackerRecord.swift; sourceTree = "<group>"; };
		FA6CC5F82BA86463003D989D /* Weekday.swift */ = {isa = PBXFileReference; lastKnownFileType = sourcecode.swift; path = Weekday.swift; sourceTree = "<group>"; };
		FA6CC5FA2BA86C61003D989D /* CollectionSettings.swift */ = {isa = PBXFileReference; lastKnownFileType = sourcecode.swift; path = CollectionSettings.swift; sourceTree = "<group>"; };
		FA6CC5FC2BA86C7A003D989D /* MocksTracker.swift */ = {isa = PBXFileReference; lastKnownFileType = sourcecode.swift; path = MocksTracker.swift; sourceTree = "<group>"; };
		FA6CC5FE2BA86C8C003D989D /* SettingOptions.swift */ = {isa = PBXFileReference; lastKnownFileType = sourcecode.swift; path = SettingOptions.swift; sourceTree = "<group>"; };
		FA6CC6012BA86CFF003D989D /* Extension + Int.swift */ = {isa = PBXFileReference; lastKnownFileType = sourcecode.swift; path = "Extension + Int.swift"; sourceTree = "<group>"; };
		FA6CC6032BA86D1F003D989D /* Extension + Date.swift */ = {isa = PBXFileReference; lastKnownFileType = sourcecode.swift; path = "Extension + Date.swift"; sourceTree = "<group>"; };
		FA6CC6052BA86D36003D989D /* Extension + UIViewController.swift */ = {isa = PBXFileReference; lastKnownFileType = sourcecode.swift; path = "Extension + UIViewController.swift"; sourceTree = "<group>"; };
		FA6CC60A2BA86E38003D989D /* TrackerCollectionViewCell.swift */ = {isa = PBXFileReference; lastKnownFileType = sourcecode.swift; path = TrackerCollectionViewCell.swift; sourceTree = "<group>"; };
		FA6CC60C2BA86EC6003D989D /* TrackerCollectionViewHeader.swift */ = {isa = PBXFileReference; lastKnownFileType = sourcecode.swift; path = TrackerCollectionViewHeader.swift; sourceTree = "<group>"; };
		FA6CC60E2BA86EE2003D989D /* ProtocolTrackerCellDelegate.swift */ = {isa = PBXFileReference; lastKnownFileType = sourcecode.swift; path = ProtocolTrackerCellDelegate.swift; sourceTree = "<group>"; };
		FA6CC6142BA86F68003D989D /* CreateTypeTrackerViewController.swift */ = {isa = PBXFileReference; lastKnownFileType = sourcecode.swift; path = CreateTypeTrackerViewController.swift; sourceTree = "<group>"; };
		FA6CC6162BA86F8F003D989D /* ProtocolTrackerCreateViewControllerDelegate.swift */ = {isa = PBXFileReference; lastKnownFileType = sourcecode.swift; path = ProtocolTrackerCreateViewControllerDelegate.swift; sourceTree = "<group>"; };
		FA6CC6182BA86FB7003D989D /* ProtocolCreateTypeTrackerDelegate.swift */ = {isa = PBXFileReference; lastKnownFileType = sourcecode.swift; path = ProtocolCreateTypeTrackerDelegate.swift; sourceTree = "<group>"; };
		FA6CC61B2BA8702A003D989D /* NewEventViewController.swift */ = {isa = PBXFileReference; fileEncoding = 4; lastKnownFileType = sourcecode.swift; path = NewEventViewController.swift; sourceTree = "<group>"; };
		FA6CC61C2BA8702A003D989D /* NewHabitViewController.swift */ = {isa = PBXFileReference; fileEncoding = 4; lastKnownFileType = sourcecode.swift; path = NewHabitViewController.swift; sourceTree = "<group>"; };
		FA6CC61D2BA8702A003D989D /* SettingsHabitOrEventCell.swift */ = {isa = PBXFileReference; fileEncoding = 4; lastKnownFileType = sourcecode.swift; path = SettingsHabitOrEventCell.swift; sourceTree = "<group>"; };
		FA6CC6222BA870A8003D989D /* CategoryViewController.swift */ = {isa = PBXFileReference; fileEncoding = 4; lastKnownFileType = sourcecode.swift; path = CategoryViewController.swift; sourceTree = "<group>"; };
		FA6CC63A2BA870A8003D989D /* ScheduleViewController.swift */ = {isa = PBXFileReference; fileEncoding = 4; lastKnownFileType = sourcecode.swift; path = ScheduleViewController.swift; sourceTree = "<group>"; };
		FA6CC63B2BA870A8003D989D /* ProtocolScheduleCellDelegate.swift */ = {isa = PBXFileReference; fileEncoding = 4; lastKnownFileType = sourcecode.swift; path = ProtocolScheduleCellDelegate.swift; sourceTree = "<group>"; };
		FA6CC63C2BA870A8003D989D /* ProtocolScheduleViewControllerDelegate.swift */ = {isa = PBXFileReference; fileEncoding = 4; lastKnownFileType = sourcecode.swift; path = ProtocolScheduleViewControllerDelegate.swift; sourceTree = "<group>"; };
		FA6CC63D2BA870A8003D989D /* SettingsScheduleCell.swift */ = {isa = PBXFileReference; fileEncoding = 4; lastKnownFileType = sourcecode.swift; path = SettingsScheduleCell.swift; sourceTree = "<group>"; };
		FA6CC6552BA8712A003D989D /* CreateNewCategoryViewController.swift */ = {isa = PBXFileReference; lastKnownFileType = sourcecode.swift; path = CreateNewCategoryViewController.swift; sourceTree = "<group>"; };
/* End PBXFileReference section */

/* Begin PBXFrameworksBuildPhase section */
		FA6CC5852BA2E417003D989D /* Frameworks */ = {
			isa = PBXFrameworksBuildPhase;
			buildActionMask = 2147483647;
			files = (
			);
			runOnlyForDeploymentPostprocessing = 0;
		};
/* End PBXFrameworksBuildPhase section */

/* Begin PBXGroup section */
		FA6CC57F2BA2E417003D989D = {
			isa = PBXGroup;
			children = (
				FA6CC58A2BA2E417003D989D /* Tracker */,
				FA6CC5892BA2E417003D989D /* Products */,
			);
			sourceTree = "<group>";
		};
		FA6CC5892BA2E417003D989D /* Products */ = {
			isa = PBXGroup;
			children = (
				FA6CC5882BA2E417003D989D /* Tracker.app */,
			);
			name = Products;
			sourceTree = "<group>";
		};
		FA6CC58A2BA2E417003D989D /* Tracker */ = {
			isa = PBXGroup;
			children = (
				FA6CC58B2BA2E417003D989D /* AppDelegate.swift */,
				FA6CC58D2BA2E417003D989D /* SceneDelegate.swift */,
				FA6CC6112BA86F1E003D989D /* TabBarViewController */,
				FA6CC6122BA86F31003D989D /* ViewControllers */,
				FA6CC5F12BA863AC003D989D /* Models */,
				FA6CC6002BA86CEF003D989D /* Extensions */,
				FA6CC5942BA2E418003D989D /* Assets.xcassets */,
				FA6CC5962BA2E418003D989D /* LaunchScreen.storyboard */,
				FA6CC5992BA2E418003D989D /* Info.plist */,
			);
			path = Tracker;
			sourceTree = "<group>";
		};
		FA6CC5F12BA863AC003D989D /* Models */ = {
			isa = PBXGroup;
			children = (
				FA6CC5F22BA863C2003D989D /* Tracker.swift */,
				FA6CC5F42BA863D1003D989D /* TrackerCategory.swift */,
				FA6CC5F62BA863DC003D989D /* TrackerRecord.swift */,
				FA6CC5F82BA86463003D989D /* Weekday.swift */,
				FA6CC5FA2BA86C61003D989D /* CollectionSettings.swift */,
				FA6CC5FC2BA86C7A003D989D /* MocksTracker.swift */,
				FA6CC5FE2BA86C8C003D989D /* SettingOptions.swift */,
			);
			path = Models;
			sourceTree = "<group>";
		};
		FA6CC6002BA86CEF003D989D /* Extensions */ = {
			isa = PBXGroup;
			children = (
				FA6CC6012BA86CFF003D989D /* Extension + Int.swift */,
				FA6CC6032BA86D1F003D989D /* Extension + Date.swift */,
				FA6CC6052BA86D36003D989D /* Extension + UIViewController.swift */,
			);
			path = Extensions;
			sourceTree = "<group>";
		};
		FA6CC6082BA86E08003D989D /* TrackerVC */ = {
			isa = PBXGroup;
			children = (
				FA6CC5ED2BA75A32003D989D /* TrackerViewController.swift */,
				FA6CC6092BA86E24003D989D /* CollectionView */,
			);
			path = TrackerVC;
			sourceTree = "<group>";
		};
		FA6CC6092BA86E24003D989D /* CollectionView */ = {
			isa = PBXGroup;
			children = (
				FA6CC60A2BA86E38003D989D /* TrackerCollectionViewCell.swift */,
				FA6CC60C2BA86EC6003D989D /* TrackerCollectionViewHeader.swift */,
				FA6CC60E2BA86EE2003D989D /* ProtocolTrackerCellDelegate.swift */,
			);
			path = CollectionView;
			sourceTree = "<group>";
		};
		FA6CC6102BA86F0B003D989D /* StatisticVC */ = {
			isa = PBXGroup;
			children = (
				FA6CC5EF2BA75A4E003D989D /* StatisticsViewController.swift */,
			);
			path = StatisticVC;
			sourceTree = "<group>";
		};
		FA6CC6112BA86F1E003D989D /* TabBarViewController */ = {
			isa = PBXGroup;
			children = (
				FA6CC5EB2BA75879003D989D /* TabBarController.swift */,
			);
			path = TabBarViewController;
			sourceTree = "<group>";
		};
		FA6CC6122BA86F31003D989D /* ViewControllers */ = {
			isa = PBXGroup;
			children = (
				FA6CC6082BA86E08003D989D /* TrackerVC */,
				FA6CC6102BA86F0B003D989D /* StatisticVC */,
				FA6CC6132BA86F4C003D989D /* CreateTypeTrackerVC */,
				FA6CC61A2BA87010003D989D /* HabitOrEventVC */,
				FA6CC6212BA870A8003D989D /* CategoryViewController */,
				FA6CC6392BA870A8003D989D /* ScheduleViewController */,
				FA6CC6542BA87114003D989D /* CreateNewCategoryViewController */,
			);
			path = ViewControllers;
			sourceTree = "<group>";
		};
		FA6CC6132BA86F4C003D989D /* CreateTypeTrackerVC */ = {
			isa = PBXGroup;
			children = (
				FA6CC6142BA86F68003D989D /* CreateTypeTrackerViewController.swift */,
				FA6CC6162BA86F8F003D989D /* ProtocolTrackerCreateViewControllerDelegate.swift */,
				FA6CC6182BA86FB7003D989D /* ProtocolCreateTypeTrackerDelegate.swift */,
			);
			path = CreateTypeTrackerVC;
			sourceTree = "<group>";
		};
		FA6CC61A2BA87010003D989D /* HabitOrEventVC */ = {
			isa = PBXGroup;
			children = (
				FA6CC61B2BA8702A003D989D /* NewEventViewController.swift */,
				FA6CC61C2BA8702A003D989D /* NewHabitViewController.swift */,
				FA6CC61D2BA8702A003D989D /* SettingsHabitOrEventCell.swift */,
			);
			path = HabitOrEventVC;
			sourceTree = "<group>";
		};
		FA6CC6212BA870A8003D989D /* CategoryViewController */ = {
			isa = PBXGroup;
			children = (
				FA6CC6222BA870A8003D989D /* CategoryViewController.swift */,
			);
			path = CategoryViewController;
			sourceTree = "<group>";
		};
		FA6CC6392BA870A8003D989D /* ScheduleViewController */ = {
			isa = PBXGroup;
			children = (
				FA6CC63A2BA870A8003D989D /* ScheduleViewController.swift */,
				FA6CC63B2BA870A8003D989D /* ProtocolScheduleCellDelegate.swift */,
				FA6CC63C2BA870A8003D989D /* ProtocolScheduleViewControllerDelegate.swift */,
				FA6CC63D2BA870A8003D989D /* SettingsScheduleCell.swift */,
			);
			path = ScheduleViewController;
			sourceTree = "<group>";
		};
		FA6CC6542BA87114003D989D /* CreateNewCategoryViewController */ = {
			isa = PBXGroup;
			children = (
				FA6CC6552BA8712A003D989D /* CreateNewCategoryViewController.swift */,
			);
			path = CreateNewCategoryViewController;
			sourceTree = "<group>";
		};
/* End PBXGroup section */

/* Begin PBXNativeTarget section */
		FA6CC5872BA2E417003D989D /* Tracker */ = {
			isa = PBXNativeTarget;
			buildConfigurationList = FA6CC59C2BA2E418003D989D /* Build configuration list for PBXNativeTarget "Tracker" */;
			buildPhases = (
				FA6CC5842BA2E417003D989D /* Sources */,
				FA6CC5852BA2E417003D989D /* Frameworks */,
				FA6CC5862BA2E417003D989D /* Resources */,
			);
			buildRules = (
			);
			dependencies = (
			);
			name = Tracker;
			productName = Tracker;
			productReference = FA6CC5882BA2E417003D989D /* Tracker.app */;
			productType = "com.apple.product-type.application";
		};
/* End PBXNativeTarget section */

/* Begin PBXProject section */
		FA6CC5802BA2E417003D989D /* Project object */ = {
			isa = PBXProject;
			attributes = {
				BuildIndependentTargetsInParallel = 1;
				LastSwiftUpdateCheck = 1510;
				LastUpgradeCheck = 1510;
				TargetAttributes = {
					FA6CC5872BA2E417003D989D = {
						CreatedOnToolsVersion = 15.1;
					};
				};
			};
			buildConfigurationList = FA6CC5832BA2E417003D989D /* Build configuration list for PBXProject "Tracker" */;
			compatibilityVersion = "Xcode 14.0";
			developmentRegion = en;
			hasScannedForEncodings = 0;
			knownRegions = (
				en,
				Base,
			);
			mainGroup = FA6CC57F2BA2E417003D989D;
			productRefGroup = FA6CC5892BA2E417003D989D /* Products */;
			projectDirPath = "";
			projectRoot = "";
			targets = (
				FA6CC5872BA2E417003D989D /* Tracker */,
			);
		};
/* End PBXProject section */

/* Begin PBXResourcesBuildPhase section */
		FA6CC5862BA2E417003D989D /* Resources */ = {
			isa = PBXResourcesBuildPhase;
			buildActionMask = 2147483647;
			files = (
				FA6CC5982BA2E418003D989D /* LaunchScreen.storyboard in Resources */,
				FA6CC5952BA2E418003D989D /* Assets.xcassets in Resources */,
			);
			runOnlyForDeploymentPostprocessing = 0;
		};
/* End PBXResourcesBuildPhase section */

/* Begin PBXSourcesBuildPhase section */
		FA6CC5842BA2E417003D989D /* Sources */ = {
			isa = PBXSourcesBuildPhase;
			buildActionMask = 2147483647;
			files = (
				FA6CC6062BA86D36003D989D /* Extension + UIViewController.swift in Sources */,
				FA6CC5FD2BA86C7A003D989D /* MocksTracker.swift in Sources */,
				FA6CC61E2BA8702A003D989D /* NewEventViewController.swift in Sources */,
				FA6CC5F32BA863C2003D989D /* Tracker.swift in Sources */,
				FA6CC6022BA86CFF003D989D /* Extension + Int.swift in Sources */,
				FA6CC61F2BA8702A003D989D /* NewHabitViewController.swift in Sources */,
				FA6CC6172BA86F8F003D989D /* ProtocolTrackerCreateViewControllerDelegate.swift in Sources */,
				FA6CC6152BA86F68003D989D /* CreateTypeTrackerViewController.swift in Sources */,
				FA6CC5F72BA863DC003D989D /* TrackerRecord.swift in Sources */,
				FA6CC6192BA86FB7003D989D /* ProtocolCreateTypeTrackerDelegate.swift in Sources */,
				FA6CC60F2BA86EE2003D989D /* ProtocolTrackerCellDelegate.swift in Sources */,
				FA6CC5F92BA86463003D989D /* Weekday.swift in Sources */,
				FA6CC5EC2BA75879003D989D /* TabBarController.swift in Sources */,
				FA6CC6512BA870A8003D989D /* ProtocolScheduleCellDelegate.swift in Sources */,
				FA6CC6202BA8702A003D989D /* SettingsHabitOrEventCell.swift in Sources */,
				FA6CC6562BA8712A003D989D /* CreateNewCategoryViewController.swift in Sources */,
				FA6CC5F02BA75A4E003D989D /* StatisticsViewController.swift in Sources */,
				FA6CC6042BA86D1F003D989D /* Extension + Date.swift in Sources */,
				FA6CC5EE2BA75A32003D989D /* TrackerViewController.swift in Sources */,
				FA6CC5FB2BA86C61003D989D /* CollectionSettings.swift in Sources */,
				FA6CC6532BA870A8003D989D /* SettingsScheduleCell.swift in Sources */,
				FA6CC6502BA870A8003D989D /* ScheduleViewController.swift in Sources */,
				FA6CC58C2BA2E417003D989D /* AppDelegate.swift in Sources */,
				FA6CC5FF2BA86C8C003D989D /* SettingOptions.swift in Sources */,
				FA6CC6522BA870A8003D989D /* ProtocolScheduleViewControllerDelegate.swift in Sources */,
				FA6CC63E2BA870A8003D989D /* CategoryViewController.swift in Sources */,
				FA6CC60B2BA86E38003D989D /* TrackerCollectionViewCell.swift in Sources */,
				FA6CC58E2BA2E417003D989D /* SceneDelegate.swift in Sources */,
				FA6CC5F52BA863D1003D989D /* TrackerCategory.swift in Sources */,
				FA6CC60D2BA86EC6003D989D /* TrackerCollectionViewHeader.swift in Sources */,
			);
			runOnlyForDeploymentPostprocessing = 0;
		};
/* End PBXSourcesBuildPhase section */

/* Begin PBXVariantGroup section */
		FA6CC5962BA2E418003D989D /* LaunchScreen.storyboard */ = {
			isa = PBXVariantGroup;
			children = (
				FA6CC5972BA2E418003D989D /* Base */,
			);
			name = LaunchScreen.storyboard;
			sourceTree = "<group>";
		};
/* End PBXVariantGroup section */

/* Begin XCBuildConfiguration section */
		FA6CC59A2BA2E418003D989D /* Debug */ = {
			isa = XCBuildConfiguration;
			buildSettings = {
				ALWAYS_SEARCH_USER_PATHS = NO;
				ASSETCATALOG_COMPILER_GENERATE_SWIFT_ASSET_SYMBOL_EXTENSIONS = YES;
				CLANG_ANALYZER_NONNULL = YES;
				CLANG_ANALYZER_NUMBER_OBJECT_CONVERSION = YES_AGGRESSIVE;
				CLANG_CXX_LANGUAGE_STANDARD = "gnu++20";
				CLANG_ENABLE_MODULES = YES;
				CLANG_ENABLE_OBJC_ARC = YES;
				CLANG_ENABLE_OBJC_WEAK = YES;
				CLANG_WARN_BLOCK_CAPTURE_AUTORELEASING = YES;
				CLANG_WARN_BOOL_CONVERSION = YES;
				CLANG_WARN_COMMA = YES;
				CLANG_WARN_CONSTANT_CONVERSION = YES;
				CLANG_WARN_DEPRECATED_OBJC_IMPLEMENTATIONS = YES;
				CLANG_WARN_DIRECT_OBJC_ISA_USAGE = YES_ERROR;
				CLANG_WARN_DOCUMENTATION_COMMENTS = YES;
				CLANG_WARN_EMPTY_BODY = YES;
				CLANG_WARN_ENUM_CONVERSION = YES;
				CLANG_WARN_INFINITE_RECURSION = YES;
				CLANG_WARN_INT_CONVERSION = YES;
				CLANG_WARN_NON_LITERAL_NULL_CONVERSION = YES;
				CLANG_WARN_OBJC_IMPLICIT_RETAIN_SELF = YES;
				CLANG_WARN_OBJC_LITERAL_CONVERSION = YES;
				CLANG_WARN_OBJC_ROOT_CLASS = YES_ERROR;
				CLANG_WARN_QUOTED_INCLUDE_IN_FRAMEWORK_HEADER = YES;
				CLANG_WARN_RANGE_LOOP_ANALYSIS = YES;
				CLANG_WARN_STRICT_PROTOTYPES = YES;
				CLANG_WARN_SUSPICIOUS_MOVE = YES;
				CLANG_WARN_UNGUARDED_AVAILABILITY = YES_AGGRESSIVE;
				CLANG_WARN_UNREACHABLE_CODE = YES;
				CLANG_WARN__DUPLICATE_METHOD_MATCH = YES;
				COPY_PHASE_STRIP = NO;
				DEBUG_INFORMATION_FORMAT = dwarf;
				ENABLE_STRICT_OBJC_MSGSEND = YES;
				ENABLE_TESTABILITY = YES;
				ENABLE_USER_SCRIPT_SANDBOXING = YES;
				GCC_C_LANGUAGE_STANDARD = gnu17;
				GCC_DYNAMIC_NO_PIC = NO;
				GCC_NO_COMMON_BLOCKS = YES;
				GCC_OPTIMIZATION_LEVEL = 0;
				GCC_PREPROCESSOR_DEFINITIONS = (
					"DEBUG=1",
					"$(inherited)",
				);
				GCC_WARN_64_TO_32_BIT_CONVERSION = YES;
				GCC_WARN_ABOUT_RETURN_TYPE = YES_ERROR;
				GCC_WARN_UNDECLARED_SELECTOR = YES;
				GCC_WARN_UNINITIALIZED_AUTOS = YES_AGGRESSIVE;
				GCC_WARN_UNUSED_FUNCTION = YES;
				GCC_WARN_UNUSED_VARIABLE = YES;
				IPHONEOS_DEPLOYMENT_TARGET = 17.2;
				LOCALIZATION_PREFERS_STRING_CATALOGS = YES;
				MTL_ENABLE_DEBUG_INFO = INCLUDE_SOURCE;
				MTL_FAST_MATH = YES;
				ONLY_ACTIVE_ARCH = YES;
				SDKROOT = iphoneos;
				SWIFT_ACTIVE_COMPILATION_CONDITIONS = "DEBUG $(inherited)";
				SWIFT_OPTIMIZATION_LEVEL = "-Onone";
			};
			name = Debug;
		};
		FA6CC59B2BA2E418003D989D /* Release */ = {
			isa = XCBuildConfiguration;
			buildSettings = {
				ALWAYS_SEARCH_USER_PATHS = NO;
				ASSETCATALOG_COMPILER_GENERATE_SWIFT_ASSET_SYMBOL_EXTENSIONS = YES;
				CLANG_ANALYZER_NONNULL = YES;
				CLANG_ANALYZER_NUMBER_OBJECT_CONVERSION = YES_AGGRESSIVE;
				CLANG_CXX_LANGUAGE_STANDARD = "gnu++20";
				CLANG_ENABLE_MODULES = YES;
				CLANG_ENABLE_OBJC_ARC = YES;
				CLANG_ENABLE_OBJC_WEAK = YES;
				CLANG_WARN_BLOCK_CAPTURE_AUTORELEASING = YES;
				CLANG_WARN_BOOL_CONVERSION = YES;
				CLANG_WARN_COMMA = YES;
				CLANG_WARN_CONSTANT_CONVERSION = YES;
				CLANG_WARN_DEPRECATED_OBJC_IMPLEMENTATIONS = YES;
				CLANG_WARN_DIRECT_OBJC_ISA_USAGE = YES_ERROR;
				CLANG_WARN_DOCUMENTATION_COMMENTS = YES;
				CLANG_WARN_EMPTY_BODY = YES;
				CLANG_WARN_ENUM_CONVERSION = YES;
				CLANG_WARN_INFINITE_RECURSION = YES;
				CLANG_WARN_INT_CONVERSION = YES;
				CLANG_WARN_NON_LITERAL_NULL_CONVERSION = YES;
				CLANG_WARN_OBJC_IMPLICIT_RETAIN_SELF = YES;
				CLANG_WARN_OBJC_LITERAL_CONVERSION = YES;
				CLANG_WARN_OBJC_ROOT_CLASS = YES_ERROR;
				CLANG_WARN_QUOTED_INCLUDE_IN_FRAMEWORK_HEADER = YES;
				CLANG_WARN_RANGE_LOOP_ANALYSIS = YES;
				CLANG_WARN_STRICT_PROTOTYPES = YES;
				CLANG_WARN_SUSPICIOUS_MOVE = YES;
				CLANG_WARN_UNGUARDED_AVAILABILITY = YES_AGGRESSIVE;
				CLANG_WARN_UNREACHABLE_CODE = YES;
				CLANG_WARN__DUPLICATE_METHOD_MATCH = YES;
				COPY_PHASE_STRIP = NO;
				DEBUG_INFORMATION_FORMAT = "dwarf-with-dsym";
				ENABLE_NS_ASSERTIONS = NO;
				ENABLE_STRICT_OBJC_MSGSEND = YES;
				ENABLE_USER_SCRIPT_SANDBOXING = YES;
				GCC_C_LANGUAGE_STANDARD = gnu17;
				GCC_NO_COMMON_BLOCKS = YES;
				GCC_WARN_64_TO_32_BIT_CONVERSION = YES;
				GCC_WARN_ABOUT_RETURN_TYPE = YES_ERROR;
				GCC_WARN_UNDECLARED_SELECTOR = YES;
				GCC_WARN_UNINITIALIZED_AUTOS = YES_AGGRESSIVE;
				GCC_WARN_UNUSED_FUNCTION = YES;
				GCC_WARN_UNUSED_VARIABLE = YES;
				IPHONEOS_DEPLOYMENT_TARGET = 17.2;
				LOCALIZATION_PREFERS_STRING_CATALOGS = YES;
				MTL_ENABLE_DEBUG_INFO = NO;
				MTL_FAST_MATH = YES;
				SDKROOT = iphoneos;
				SWIFT_COMPILATION_MODE = wholemodule;
				VALIDATE_PRODUCT = YES;
			};
			name = Release;
		};
		FA6CC59D2BA2E418003D989D /* Debug */ = {
			isa = XCBuildConfiguration;
			buildSettings = {
				ASSETCATALOG_COMPILER_APPICON_NAME = AppIcon;
				ASSETCATALOG_COMPILER_GLOBAL_ACCENT_COLOR_NAME = AccentColor;
				CODE_SIGN_STYLE = Automatic;
				CURRENT_PROJECT_VERSION = 1;
				DEVELOPMENT_TEAM = L23B96GPNM;
				GENERATE_INFOPLIST_FILE = YES;
				INFOPLIST_FILE = Tracker/Info.plist;
				INFOPLIST_KEY_UIApplicationSupportsIndirectInputEvents = YES;
				INFOPLIST_KEY_UILaunchStoryboardName = LaunchScreen;
				INFOPLIST_KEY_UISupportedInterfaceOrientations = UIInterfaceOrientationPortrait;
				INFOPLIST_KEY_UISupportedInterfaceOrientations_iPad = "UIInterfaceOrientationLandscapeLeft UIInterfaceOrientationLandscapeRight UIInterfaceOrientationPortrait UIInterfaceOrientationPortraitUpsideDown";
				IPHONEOS_DEPLOYMENT_TARGET = 13.4;
				LD_RUNPATH_SEARCH_PATHS = (
					"$(inherited)",
					"@executable_path/Frameworks",
				);
				MARKETING_VERSION = 1.0;
				PRODUCT_BUNDLE_IDENTIFIER = ru.alexpetrenko.Tracker;
				PRODUCT_NAME = "$(TARGET_NAME)";
				SUPPORTED_PLATFORMS = "iphoneos iphonesimulator";
				SUPPORTS_MACCATALYST = NO;
				SUPPORTS_MAC_DESIGNED_FOR_IPHONE_IPAD = NO;
				SWIFT_EMIT_LOC_STRINGS = YES;
				SWIFT_VERSION = 5.0;
				TARGETED_DEVICE_FAMILY = 1;
			};
			name = Debug;
		};
		FA6CC59E2BA2E418003D989D /* Release */ = {
			isa = XCBuildConfiguration;
			buildSettings = {
				ASSETCATALOG_COMPILER_APPICON_NAME = AppIcon;
				ASSETCATALOG_COMPILER_GLOBAL_ACCENT_COLOR_NAME = AccentColor;
				CODE_SIGN_STYLE = Automatic;
				CURRENT_PROJECT_VERSION = 1;
				DEVELOPMENT_TEAM = L23B96GPNM;
				GENERATE_INFOPLIST_FILE = YES;
				INFOPLIST_FILE = Tracker/Info.plist;
				INFOPLIST_KEY_UIApplicationSupportsIndirectInputEvents = YES;
				INFOPLIST_KEY_UILaunchStoryboardName = LaunchScreen;
				INFOPLIST_KEY_UISupportedInterfaceOrientations = UIInterfaceOrientationPortrait;
				INFOPLIST_KEY_UISupportedInterfaceOrientations_iPad = "UIInterfaceOrientationLandscapeLeft UIInterfaceOrientationLandscapeRight UIInterfaceOrientationPortrait UIInterfaceOrientationPortraitUpsideDown";
				IPHONEOS_DEPLOYMENT_TARGET = 13.4;
				LD_RUNPATH_SEARCH_PATHS = (
					"$(inherited)",
					"@executable_path/Frameworks",
				);
				MARKETING_VERSION = 1.0;
				PRODUCT_BUNDLE_IDENTIFIER = ru.alexpetrenko.Tracker;
				PRODUCT_NAME = "$(TARGET_NAME)";
				SUPPORTED_PLATFORMS = "iphoneos iphonesimulator";
				SUPPORTS_MACCATALYST = NO;
				SUPPORTS_MAC_DESIGNED_FOR_IPHONE_IPAD = NO;
				SWIFT_EMIT_LOC_STRINGS = YES;
				SWIFT_VERSION = 5.0;
				TARGETED_DEVICE_FAMILY = 1;
			};
			name = Release;
		};
/* End XCBuildConfiguration section */

/* Begin XCConfigurationList section */
		FA6CC5832BA2E417003D989D /* Build configuration list for PBXProject "Tracker" */ = {
			isa = XCConfigurationList;
			buildConfigurations = (
				FA6CC59A2BA2E418003D989D /* Debug */,
				FA6CC59B2BA2E418003D989D /* Release */,
			);
			defaultConfigurationIsVisible = 0;
			defaultConfigurationName = Release;
		};
		FA6CC59C2BA2E418003D989D /* Build configuration list for PBXNativeTarget "Tracker" */ = {
			isa = XCConfigurationList;
			buildConfigurations = (
				FA6CC59D2BA2E418003D989D /* Debug */,
				FA6CC59E2BA2E418003D989D /* Release */,
			);
			defaultConfigurationIsVisible = 0;
			defaultConfigurationName = Release;
		};
/* End XCConfigurationList section */
	};
	rootObject = FA6CC5802BA2E417003D989D /* Project object */;
}
